
Microsoft Visual Studio Solution File, Format Version 11.00
# Visual Studio 2010
Project("{FAE04EC0-301F-11D3-BF4B-00C04F79EFBC}") = "Coders", "Coders\Coders.csproj", "{0580C019-23F8-473C-9386-9BF07334A655}"
EndProject
Project("{FAE04EC0-301F-11D3-BF4B-00C04F79EFBC}") = "Coders.Tests", "Coders.Tests\Coders.Tests.csproj", "{E564897D-86C6-4C6A-9838-16F45B2F508D}"
EndProject
Project("{2150E333-8FDC-42A3-9474-1A3956D46DE8}") = "Solution Items", "Solution Items", "{9E1F6E06-D000-4A83-85FF-961958D2BAA3}"
	ProjectSection(SolutionItems) = preProject
		Local.testsettings = Local.testsettings
		Netcoders.vsmdi = Netcoders.vsmdi
		TraceAndTestImpact.testsettings = TraceAndTestImpact.testsettings
	EndProjectSection
EndProject
Project("{FAE04EC0-301F-11D3-BF4B-00C04F79EFBC}") = "Coders.Repositories", "Coders.Repositories\Coders.Repositories.csproj", "{DFC59B36-D60A-491C-B709-89D8473109CF}"
EndProject
Project("{FAE04EC0-301F-11D3-BF4B-00C04F79EFBC}") = "Coders.Tests.App", "Coders.Tests.App\Coders.Tests.App.csproj", "{DD94F6CB-FC2F-4589-8613-243E3293E597}"
EndProject
Project("{FAE04EC0-301F-11D3-BF4B-00C04F79EFBC}") = "Coders.Services", "Coders.Services\Coders.Services.csproj", "{B26E83D5-C556-4DBE-A758-72C663CFB702}"
EndProject
Project("{2150E333-8FDC-42A3-9474-1A3956D46DE8}") = "Core", "Core", "{A260D95B-063E-4E84-AE8B-593632E0D2C6}"
EndProject
Project("{2150E333-8FDC-42A3-9474-1A3956D46DE8}") = "Core Tests", "Core Tests", "{6ECB85D3-86F5-4456-BF40-1704E44C5119}"
EndProject
Project("{2150E333-8FDC-42A3-9474-1A3956D46DE8}") = "Core Processors", "Core Processors", "{2AAB1C06-3190-401E-928F-FD4CDCE428C0}"
EndProject
Project("{FAE04EC0-301F-11D3-BF4B-00C04F79EFBC}") = "Coders.MailerProcessor", "Coders.MailerProcessor\Coders.MailerProcessor.csproj", "{B28DA324-C8ED-4CB2-B932-7A31A8511DB4}"
EndProject
Project("{FAE04EC0-301F-11D3-BF4B-00C04F79EFBC}") = "Coders.DependencyResolution", "Coders.DependencyResolution\Coders.DependencyResolution.csproj", "{3154E2EC-87F0-4B57-A0BF-0E9DEC4803FC}"
EndProject
Project("{FAE04EC0-301F-11D3-BF4B-00C04F79EFBC}") = "Coders.Web", "Coders.Web\Coders.Web.csproj", "{B6DBB1B8-ED20-43DA-9EBD-A68F3DADD5B3}"
EndProject
Project("{E24C65DC-7377-472B-9ABA-BC803B73C61A}") = "Site", "Site\", "{3415F8DF-35EF-4E72-B618-BA42AC97AC02}"
	ProjectSection(WebsiteProperties) = preProject
		TargetFrameworkMoniker = ".NETFramework,Version%3Dv4.0"
		ProjectReferences = "{0580C019-23F8-473C-9386-9BF07334A655}|Coders.dll;{3154E2EC-87F0-4B57-A0BF-0E9DEC4803FC}|Coders.DependencyResolution.dll;{DFC59B36-D60A-491C-B709-89D8473109CF}|Coders.Repositories.dll;{B26E83D5-C556-4DBE-A758-72C663CFB702}|Coders.Services.dll;{B6DBB1B8-ED20-43DA-9EBD-A68F3DADD5B3}|Coders.Web.dll;"
		Debug.AspNetCompiler.VirtualPath = "/Site"
		Debug.AspNetCompiler.PhysicalPath = "Site\"
		Debug.AspNetCompiler.TargetPath = "PrecompiledWeb\Site\"
		Debug.AspNetCompiler.Updateable = "true"
		Debug.AspNetCompiler.ForceOverwrite = "true"
		Debug.AspNetCompiler.FixedNames = "false"
		Debug.AspNetCompiler.Debug = "True"
		Release.AspNetCompiler.VirtualPath = "/Site"
		Release.AspNetCompiler.PhysicalPath = "Site\"
		Release.AspNetCompiler.TargetPath = "PrecompiledWeb\Site\"
		Release.AspNetCompiler.Updateable = "true"
		Release.AspNetCompiler.ForceOverwrite = "true"
		Release.AspNetCompiler.FixedNames = "false"
		Release.AspNetCompiler.Debug = "False"
		VWDPort = "63794"
		VWDVirtualPath = "/"
		DefaultWebSiteLanguage = "Visual C#"
	EndProjectSection
EndProject
Global
	GlobalSection(TestCaseManagementSettings) = postSolution
		CategoryFile = Netcoders.vsmdi
	EndGlobalSection
	GlobalSection(SolutionConfigurationPlatforms) = preSolution
		Debug|Any CPU = Debug|Any CPU
		Debug|Mixed Platforms = Debug|Mixed Platforms
		Debug|x86 = Debug|x86
		Release|Any CPU = Release|Any CPU
		Release|Mixed Platforms = Release|Mixed Platforms
		Release|x86 = Release|x86
	EndGlobalSection
	GlobalSection(ProjectConfigurationPlatforms) = postSolution
		{0580C019-23F8-473C-9386-9BF07334A655}.Debug|Any CPU.ActiveCfg = Debug|Any CPU
		{0580C019-23F8-473C-9386-9BF07334A655}.Debug|Any CPU.Build.0 = Debug|Any CPU
		{0580C019-23F8-473C-9386-9BF07334A655}.Debug|Mixed Platforms.ActiveCfg = Debug|Any CPU
		{0580C019-23F8-473C-9386-9BF07334A655}.Debug|Mixed Platforms.Build.0 = Debug|Any CPU
		{0580C019-23F8-473C-9386-9BF07334A655}.Debug|x86.ActiveCfg = Debug|Any CPU
		{0580C019-23F8-473C-9386-9BF07334A655}.Release|Any CPU.ActiveCfg = Release|Any CPU
		{0580C019-23F8-473C-9386-9BF07334A655}.Release|Any CPU.Build.0 = Release|Any CPU
		{0580C019-23F8-473C-9386-9BF07334A655}.Release|Mixed Platforms.ActiveCfg = Release|Any CPU
		{0580C019-23F8-473C-9386-9BF07334A655}.Release|Mixed Platforms.Build.0 = Release|Any CPU
		{0580C019-23F8-473C-9386-9BF07334A655}.Release|x86.ActiveCfg = Release|Any CPU
		{E564897D-86C6-4C6A-9838-16F45B2F508D}.Debug|Any CPU.ActiveCfg = Debug|Any CPU
		{E564897D-86C6-4C6A-9838-16F45B2F508D}.Debug|Any CPU.Build.0 = Debug|Any CPU
		{E564897D-86C6-4C6A-9838-16F45B2F508D}.Debug|Mixed Platforms.ActiveCfg = Debug|Any CPU
		{E564897D-86C6-4C6A-9838-16F45B2F508D}.Debug|Mixed Platforms.Build.0 = Debug|Any CPU
		{E564897D-86C6-4C6A-9838-16F45B2F508D}.Debug|x86.ActiveCfg = Debug|Any CPU
		{E564897D-86C6-4C6A-9838-16F45B2F508D}.Release|Any CPU.ActiveCfg = Release|Any CPU
		{E564897D-86C6-4C6A-9838-16F45B2F508D}.Release|Any CPU.Build.0 = Release|Any CPU
		{E564897D-86C6-4C6A-9838-16F45B2F508D}.Release|Mixed Platforms.ActiveCfg = Release|Any CPU
		{E564897D-86C6-4C6A-9838-16F45B2F508D}.Release|Mixed Platforms.Build.0 = Release|Any CPU
		{E564897D-86C6-4C6A-9838-16F45B2F508D}.Release|x86.ActiveCfg = Release|Any CPU
		{DFC59B36-D60A-491C-B709-89D8473109CF}.Debug|Any CPU.ActiveCfg = Debug|Any CPU
		{DFC59B36-D60A-491C-B709-89D8473109CF}.Debug|Any CPU.Build.0 = Debug|Any CPU
		{DFC59B36-D60A-491C-B709-89D8473109CF}.Debug|Mixed Platforms.ActiveCfg = Debug|Any CPU
		{DFC59B36-D60A-491C-B709-89D8473109CF}.Debug|Mixed Platforms.Build.0 = Debug|Any CPU
		{DFC59B36-D60A-491C-B709-89D8473109CF}.Debug|x86.ActiveCfg = Debug|Any CPU
		{DFC59B36-D60A-491C-B709-89D8473109CF}.Release|Any CPU.ActiveCfg = Release|Any CPU
		{DFC59B36-D60A-491C-B709-89D8473109CF}.Release|Any CPU.Build.0 = Release|Any CPU
		{DFC59B36-D60A-491C-B709-89D8473109CF}.Release|Mixed Platforms.ActiveCfg = Release|Any CPU
		{DFC59B36-D60A-491C-B709-89D8473109CF}.Release|Mixed Platforms.Build.0 = Release|Any CPU
		{DFC59B36-D60A-491C-B709-89D8473109CF}.Release|x86.ActiveCfg = Release|Any CPU
		{DD94F6CB-FC2F-4589-8613-243E3293E597}.Debug|Any CPU.ActiveCfg = Debug|x86
		{DD94F6CB-FC2F-4589-8613-243E3293E597}.Debug|Mixed Platforms.ActiveCfg = Debug|x86
		{DD94F6CB-FC2F-4589-8613-243E3293E597}.Debug|Mixed Platforms.Build.0 = Debug|x86
		{DD94F6CB-FC2F-4589-8613-243E3293E597}.Debug|x86.ActiveCfg = Debug|x86
		{DD94F6CB-FC2F-4589-8613-243E3293E597}.Debug|x86.Build.0 = Debug|x86
		{DD94F6CB-FC2F-4589-8613-243E3293E597}.Release|Any CPU.ActiveCfg = Release|x86
		{DD94F6CB-FC2F-4589-8613-243E3293E597}.Release|Mixed Platforms.ActiveCfg = Release|x86
		{DD94F6CB-FC2F-4589-8613-243E3293E597}.Release|Mixed Platforms.Build.0 = Release|x86
		{DD94F6CB-FC2F-4589-8613-243E3293E597}.Release|x86.ActiveCfg = Release|x86
		{DD94F6CB-FC2F-4589-8613-243E3293E597}.Release|x86.Build.0 = Release|x86
		{B26E83D5-C556-4DBE-A758-72C663CFB702}.Debug|Any CPU.ActiveCfg = Debug|Any CPU
		{B26E83D5-C556-4DBE-A758-72C663CFB702}.Debug|Any CPU.Build.0 = Debug|Any CPU
		{B26E83D5-C556-4DBE-A758-72C663CFB702}.Debug|Mixed Platforms.ActiveCfg = Debug|Any CPU
		{B26E83D5-C556-4DBE-A758-72C663CFB702}.Debug|Mixed Platforms.Build.0 = Debug|Any CPU
		{B26E83D5-C556-4DBE-A758-72C663CFB702}.Debug|x86.ActiveCfg = Debug|Any CPU
		{B26E83D5-C556-4DBE-A758-72C663CFB702}.Release|Any CPU.ActiveCfg = Release|Any CPU
		{B26E83D5-C556-4DBE-A758-72C663CFB702}.Release|Any CPU.Build.0 = Release|Any CPU
		{B26E83D5-C556-4DBE-A758-72C663CFB702}.Release|Mixed Platforms.ActiveCfg = Release|Any CPU
		{B26E83D5-C556-4DBE-A758-72C663CFB702}.Release|Mixed Platforms.Build.0 = Release|Any CPU
		{B26E83D5-C556-4DBE-A758-72C663CFB702}.Release|x86.ActiveCfg = Release|Any CPU
		{B28DA324-C8ED-4CB2-B932-7A31A8511DB4}.Debug|Any CPU.ActiveCfg = Debug|x86
		{B28DA324-C8ED-4CB2-B932-7A31A8511DB4}.Debug|Mixed Platforms.ActiveCfg = Debug|x86
		{B28DA324-C8ED-4CB2-B932-7A31A8511DB4}.Debug|Mixed Platforms.Build.0 = Debug|x86
		{B28DA324-C8ED-4CB2-B932-7A31A8511DB4}.Debug|x86.ActiveCfg = Debug|x86
		{B28DA324-C8ED-4CB2-B932-7A31A8511DB4}.Debug|x86.Build.0 = Debug|x86
		{B28DA324-C8ED-4CB2-B932-7A31A8511DB4}.Release|Any CPU.ActiveCfg = Release|x86
		{B28DA324-C8ED-4CB2-B932-7A31A8511DB4}.Release|Mixed Platforms.ActiveCfg = Release|x86
		{B28DA324-C8ED-4CB2-B932-7A31A8511DB4}.Release|Mixed Platforms.Build.0 = Release|x86
		{B28DA324-C8ED-4CB2-B932-7A31A8511DB4}.Release|x86.ActiveCfg = Release|x86
		{B28DA324-C8ED-4CB2-B932-7A31A8511DB4}.Release|x86.Build.0 = Release|x86
		{3154E2EC-87F0-4B57-A0BF-0E9DEC4803FC}.Debug|Any CPU.ActiveCfg = Debug|Any CPU
		{3154E2EC-87F0-4B57-A0BF-0E9DEC4803FC}.Debug|Any CPU.Build.0 = Debug|Any CPU
		{3154E2EC-87F0-4B57-A0BF-0E9DEC4803FC}.Debug|Mixed Platforms.ActiveCfg = Debug|Any CPU
		{3154E2EC-87F0-4B57-A0BF-0E9DEC4803FC}.Debug|Mixed Platforms.Build.0 = Debug|Any CPU
		{3154E2EC-87F0-4B57-A0BF-0E9DEC4803FC}.Debug|x86.ActiveCfg = Debug|Any CPU
		{3154E2EC-87F0-4B57-A0BF-0E9DEC4803FC}.Release|Any CPU.ActiveCfg = Release|Any CPU
		{3154E2EC-87F0-4B57-A0BF-0E9DEC4803FC}.Release|Any CPU.Build.0 = Release|Any CPU
		{3154E2EC-87F0-4B57-A0BF-0E9DEC4803FC}.Release|Mixed Platforms.ActiveCfg = Release|Any CPU
		{3154E2EC-87F0-4B57-A0BF-0E9DEC4803FC}.Release|Mixed Platforms.Build.0 = Release|Any CPU
		{3154E2EC-87F0-4B57-A0BF-0E9DEC4803FC}.Release|x86.ActiveCfg = Release|Any CPU
		{B6DBB1B8-ED20-43DA-9EBD-A68F3DADD5B3}.Debug|Any CPU.ActiveCfg = Debug|Any CPU
		{B6DBB1B8-ED20-43DA-9EBD-A68F3DADD5B3}.Debug|Any CPU.Build.0 = Debug|Any CPU
		{B6DBB1B8-ED20-43DA-9EBD-A68F3DADD5B3}.Debug|Mixed Platforms.ActiveCfg = Debug|Any CPU
		{B6DBB1B8-ED20-43DA-9EBD-A68F3DADD5B3}.Debug|Mixed Platforms.Build.0 = Debug|Any CPU
		{B6DBB1B8-ED20-43DA-9EBD-A68F3DADD5B3}.Debug|x86.ActiveCfg = Debug|Any CPU
		{B6DBB1B8-ED20-43DA-9EBD-A68F3DADD5B3}.Release|Any CPU.ActiveCfg = Release|Any CPU
		{B6DBB1B8-ED20-43DA-9EBD-A68F3DADD5B3}.Release|Any CPU.Build.0 = Release|Any CPU
		{B6DBB1B8-ED20-43DA-9EBD-A68F3DADD5B3}.Release|Mixed Platforms.ActiveCfg = Release|Any CPU
		{B6DBB1B8-ED20-43DA-9EBD-A68F3DADD5B3}.Release|Mixed Platforms.Build.0 = Release|Any CPU
		{B6DBB1B8-ED20-43DA-9EBD-A68F3DADD5B3}.Release|x86.ActiveCfg = Release|Any CPU
		{3415F8DF-35EF-4E72-B618-BA42AC97AC02}.Debug|Any CPU.ActiveCfg = Debug|Any CPU
		{3415F8DF-35EF-4E72-B618-BA42AC97AC02}.Debug|Any CPU.Build.0 = Debug|Any CPU
		{3415F8DF-35EF-4E72-B618-BA42AC97AC02}.Debug|Mixed Platforms.ActiveCfg = Debug|Any CPU
		{3415F8DF-35EF-4E72-B618-BA42AC97AC02}.Debug|Mixed Platforms.Build.0 = Debug|Any CPU
		{3415F8DF-35EF-4E72-B618-BA42AC97AC02}.Debug|x86.ActiveCfg = Debug|Any CPU
		{3415F8DF-35EF-4E72-B618-BA42AC97AC02}.Release|Any CPU.ActiveCfg = Debug|Any CPU
		{3415F8DF-35EF-4E72-B618-BA42AC97AC02}.Release|Any CPU.Build.0 = Debug|Any CPU
		{3415F8DF-35EF-4E72-B618-BA42AC97AC02}.Release|Mixed Platforms.ActiveCfg = Debug|Any CPU
		{3415F8DF-35EF-4E72-B618-BA42AC97AC02}.Release|Mixed Platforms.Build.0 = Debug|Any CPU
		{3415F8DF-35EF-4E72-B618-BA42AC97AC02}.Release|x86.ActiveCfg = Debug|Any CPU
	EndGlobalSection
	GlobalSection(SolutionProperties) = preSolution
		HideSolutionNode = FALSE
	EndGlobalSection
	GlobalSection(NestedProjects) = preSolution
		{DFC59B36-D60A-491C-B709-89D8473109CF} = {A260D95B-063E-4E84-AE8B-593632E0D2C6}
		{B26E83D5-C556-4DBE-A758-72C663CFB702} = {A260D95B-063E-4E84-AE8B-593632E0D2C6}
		{0580C019-23F8-473C-9386-9BF07334A655} = {A260D95B-063E-4E84-AE8B-593632E0D2C6}
		{3154E2EC-87F0-4B57-A0BF-0E9DEC4803FC} = {A260D95B-063E-4E84-AE8B-593632E0D2C6}
		{B6DBB1B8-ED20-43DA-9EBD-A68F3DADD5B3} = {A260D95B-063E-4E84-AE8B-593632E0D2C6}
		{DD94F6CB-FC2F-4589-8613-243E3293E597} = {6ECB85D3-86F5-4456-BF40-1704E44C5119}
		{E564897D-86C6-4C6A-9838-16F45B2F508D} = {6ECB85D3-86F5-4456-BF40-1704E44C5119}
		{B28DA324-C8ED-4CB2-B932-7A31A8511DB4} = {2AAB1C06-3190-401E-928F-FD4CDCE428C0}
	EndGlobalSection
EndGlobal
